// !$*UTF8*$!
{
	archiveVersion = 1;
	classes = {
	};
	objectVersion = 48;
	objects = {

/* Begin PBXBuildFile section */
		62F5BA42205021EC009574BA /* AppDelegate.m in Sources */ = {isa = PBXBuildFile; fileRef = 62F5BA41205021EC009574BA /* AppDelegate.m */; };
		62F5BA45205021EC009574BA /* ViewController.m in Sources */ = {isa = PBXBuildFile; fileRef = 62F5BA44205021EC009574BA /* ViewController.m */; };
		62F5BA48205021EC009574BA /* Main.storyboard in Resources */ = {isa = PBXBuildFile; fileRef = 62F5BA46205021EC009574BA /* Main.storyboard */; };
		62F5BA4A205021EC009574BA /* Assets.xcassets in Resources */ = {isa = PBXBuildFile; fileRef = 62F5BA49205021EC009574BA /* Assets.xcassets */; };
		62F5BA4D205021EC009574BA /* LaunchScreen.storyboard in Resources */ = {isa = PBXBuildFile; fileRef = 62F5BA4B205021EC009574BA /* LaunchScreen.storyboard */; };
		62F5BA50205021EC009574BA /* main.m in Sources */ = {isa = PBXBuildFile; fileRef = 62F5BA4F205021EC009574BA /* main.m */; };
		62F5BA5820507659009574BA /* Setup.m in Sources */ = {isa = PBXBuildFile; fileRef = 62F5BA5720507659009574BA /* Setup.m */; };
/* End PBXBuildFile section */

/* Begin PBXFileReference section */
		62F5BA3D205021EC009574BA /* Alias.app */ = {isa = PBXFileReference; explicitFileType = wrapper.application; includeInIndex = 0; path = Alias.app; sourceTree = BUILT_PRODUCTS_DIR; };
		62F5BA40205021EC009574BA /* AppDelegate.h */ = {isa = PBXFileReference; lastKnownFileType = sourcecode.c.h; path = AppDelegate.h; sourceTree = "<group>"; };
		62F5BA41205021EC009574BA /* AppDelegate.m */ = {isa = PBXFileReference; lastKnownFileType = sourcecode.c.objc; path = AppDelegate.m; sourceTree = "<group>"; };
		62F5BA43205021EC009574BA /* ViewController.h */ = {isa = PBXFileReference; lastKnownFileType = sourcecode.c.h; path = ViewController.h; sourceTree = "<group>"; };
		62F5BA44205021EC009574BA /* ViewController.m */ = {isa = PBXFileReference; lastKnownFileType = sourcecode.c.objc; path = ViewController.m; sourceTree = "<group>"; };
		62F5BA47205021EC009574BA /* Base */ = {isa = PBXFileReference; lastKnownFileType = file.storyboard; name = Base; path = Base.lproj/Main.storyboard; sourceTree = "<group>"; };
		62F5BA49205021EC009574BA /* Assets.xcassets */ = {isa = PBXFileReference; lastKnownFileType = folder.assetcatalog; path = Assets.xcassets; sourceTree = "<group>"; };
		62F5BA4C205021EC009574BA /* Base */ = {isa = PBXFileReference; lastKnownFileType = file.storyboard; name = Base; path = Base.lproj/LaunchScreen.storyboard; sourceTree = "<group>"; };
		62F5BA4E205021EC009574BA /* Info.plist */ = {isa = PBXFileReference; lastKnownFileType = text.plist.xml; path = Info.plist; sourceTree = "<group>"; };
		62F5BA4F205021EC009574BA /* main.m */ = {isa = PBXFileReference; lastKnownFileType = sourcecode.c.objc; path = main.m; sourceTree = "<group>"; };
		62F5BA5620507659009574BA /* Setup.h */ = {isa = PBXFileReference; lastKnownFileType = sourcecode.c.h; path = Setup.h; sourceTree = "<group>"; };
		62F5BA5720507659009574BA /* Setup.m */ = {isa = PBXFileReference; lastKnownFileType = sourcecode.c.objc; path = Setup.m; sourceTree = "<group>"; };
/* End PBXFileReference section */

/* Begin PBXFrameworksBuildPhase section */
		62F5BA3A205021EC009574BA /* Frameworks */ = {
			isa = PBXFrameworksBuildPhase;
			buildActionMask = 2147483647;
			files = (
			);
			runOnlyForDeploymentPostprocessing = 0;
		};
/* End PBXFrameworksBuildPhase section */

/* Begin PBXGroup section */
		62F5BA34205021EC009574BA = {
			isa = PBXGroup;
			children = (
				62F5BA3F205021EC009574BA /* Alias */,
				62F5BA3E205021EC009574BA /* Products */,
			);
			sourceTree = "<group>";
		};
		62F5BA3E205021EC009574BA /* Products */ = {
			isa = PBXGroup;
			children = (
				62F5BA3D205021EC009574BA /* Alias.app */,
			);
			name = Products;
			sourceTree = "<group>";
		};
		62F5BA3F205021EC009574BA /* Alias */ = {
			isa = PBXGroup;
			children = (
				62F5BA5620507659009574BA /* Setup.h */,
				62F5BA5720507659009574BA /* Setup.m */,
				62F5BA40205021EC009574BA /* AppDelegate.h */,
				62F5BA41205021EC009574BA /* AppDelegate.m */,
				62F5BA43205021EC009574BA /* ViewController.h */,
				62F5BA44205021EC009574BA /* ViewController.m */,
				62F5BA46205021EC009574BA /* Main.storyboard */,
				62F5BA49205021EC009574BA /* Assets.xcassets */,
				62F5BA4B205021EC009574BA /* LaunchScreen.storyboard */,
				62F5BA4E205021EC009574BA /* Info.plist */,
				62F5BA4F205021EC009574BA /* main.m */,
			);
			path = Alias;
			sourceTree = "<group>";
		};
/* End PBXGroup section */

/* Begin PBXNativeTarget section */
		62F5BA3C205021EC009574BA /* Alias */ = {
			isa = PBXNativeTarget;
			buildConfigurationList = 62F5BA53205021EC009574BA /* Build configuration list for PBXNativeTarget "Alias" */;
			buildPhases = (
				62F5BA39205021EC009574BA /* Sources */,
				62F5BA3A205021EC009574BA /* Frameworks */,
				62F5BA3B205021EC009574BA /* Resources */,
			);
			buildRules = (
			);
			dependencies = (
			);
			name = Alias;
			productName = Alias;
			productReference = 62F5BA3D205021EC009574BA /* Alias.app */;
			productType = "com.apple.product-type.application";
		};
/* End PBXNativeTarget section */

/* Begin PBXProject section */
		62F5BA35205021EC009574BA /* Project object */ = {
			isa = PBXProject;
			attributes = {
				LastUpgradeCheck = 0920;
				ORGANIZATIONNAME = DavitYeghoyan;
				TargetAttributes = {
					62F5BA3C205021EC009574BA = {
						CreatedOnToolsVersion = 9.2;
						ProvisioningStyle = Automatic;
					};
				};
			};
			buildConfigurationList = 62F5BA38205021EC009574BA /* Build configuration list for PBXProject "Alias" */;
			compatibilityVersion = "Xcode 8.0";
			developmentRegion = en;
			hasScannedForEncodings = 0;
			knownRegions = (
				en,
				Base,
			);
			mainGroup = 62F5BA34205021EC009574BA;
			productRefGroup = 62F5BA3E205021EC009574BA /* Products */;
			projectDirPath = "";
			projectRoot = "";
			targets = (
				62F5BA3C205021EC009574BA /* Alias */,
			);
		};
/* End PBXProject section */

/* Begin PBXResourcesBuildPhase section */
		62F5BA3B205021EC009574BA /* Resources */ = {
			isa = PBXResourcesBuildPhase;
			buildActionMask = 2147483647;
			files = (
				62F5BA4D205021EC009574BA /* LaunchScreen.storyboard in Resources */,
				62F5BA4A205021EC009574BA /* Assets.xcassets in Resources */,
				62F5BA48205021EC009574BA /* Main.storyboard in Resources */,
			);
			runOnlyForDeploymentPostprocessing = 0;
		};
/* End PBXResourcesBuildPhase section */

/* Begin PBXSourcesBuildPhase section */
		62F5BA39205021EC009574BA /* Sources */ = {
			isa = PBXSourcesBuildPhase;
			buildActionMask = 2147483647;
			files = (
				62F5BA45205021EC009574BA /* ViewController.m in Sources */,
				62F5BA50205021EC009574BA /* main.m in Sources */,
				62F5BA42205021EC009574BA /* AppDelegate.m in Sources */,
				62F5BA5820507659009574BA /* Setup.m in Sources */,
			);
			runOnlyForDeploymentPostprocessing = 0;
		};
/* End PBXSourcesBuildPhase section */

/* Begin PBXVariantGroup section */
		62F5BA46205021EC009574BA /* Main.storyboard */ = {
			isa = PBXVariantGroup;
			children = (
				62F5BA47205021EC009574BA /* Base */,
			);
			name = Main.storyboard;
			sourceTree = "<group>";
		};
		62F5BA4B205021EC009574BA /* LaunchScreen.storyboard */ = {
			isa = PBXVariantGroup;
			children = (
				62F5BA4C205021EC009574BA /* Base */,
			);
			name = LaunchScreen.storyboard;
			sourceTree = "<group>";
		};
/* End PBXVariantGroup section */

/* Begin XCBuildConfiguration section */
		62F5BA51205021EC009574BA /* Debug */ = {
			isa = XCBuildConfiguration;
			buildSettings = {
				ALWAYS_SEARCH_USER_PATHS = NO;
				CLANG_ANALYZER_NONNULL = YES;
				CLANG_ANALYZER_NUMBER_OBJECT_CONVERSION = YES_AGGRESSIVE;
				CLANG_CXX_LANGUAGE_STANDARD = "gnu++14";
				CLANG_CXX_LIBRARY = "libc++";
				CLANG_ENABLE_MODULES = YES;
				CLANG_ENABLE_OBJC_ARC = YES;
				CLANG_WARN_BLOCK_CAPTURE_AUTORELEASING = YES;
				CLANG_WARN_BOOL_CONVERSION = YES;
				CLANG_WARN_COMMA = YES;
				CLANG_WARN_CONSTANT_CONVERSION = YES;
				CLANG_WARN_DIRECT_OBJC_ISA_USAGE = YES_ERROR;
				CLANG_WARN_DOCUMENTATION_COMMENTS = YES;
				CLANG_WARN_EMPTY_BODY = YES;
				CLANG_WARN_ENUM_CONVERSION = YES;
				CLANG_WARN_INFINITE_RECURSION = YES;
				CLANG_WARN_INT_CONVERSION = YES;
				CLANG_WARN_NON_LITERAL_NULL_CONVERSION = YES;
				CLANG_WARN_OBJC_LITERAL_CONVERSION = YES;
				CLANG_WARN_OBJC_ROOT_CLASS = YES_ERROR;
				CLANG_WARN_RANGE_LOOP_ANALYSIS = YES;
				CLANG_WARN_STRICT_PROTOTYPES = YES;
				CLANG_WARN_SUSPICIOUS_MOVE = YES;
				CLANG_WARN_UNGUARDED_AVAILABILITY = YES_AGGRESSIVE;
				CLANG_WARN_UNREACHABLE_CODE = YES;
				CLANG_WARN__DUPLICATE_METHOD_MATCH = YES;
				CODE_SIGN_IDENTITY = "iPhone Developer";
				COPY_PHASE_STRIP = NO;
				DEBUG_INFORMATION_FORMAT = dwarf;
				ENABLE_STRICT_OBJC_MSGSEND = YES;
				ENABLE_TESTABILITY = YES;
				GCC_C_LANGUAGE_STANDARD = gnu11;
				GCC_DYNAMIC_NO_PIC = NO;
				GCC_NO_COMMON_BLOCKS = YES;
				GCC_OPTIMIZATION_LEVEL = 0;
				GCC_PREPROCESSOR_DEFINITIONS = (
					"DEBUG=1",
					"$(inherited)",
				);
				GCC_WARN_64_TO_32_BIT_CONVERSION = YES;
				GCC_WARN_ABOUT_RETURN_TYPE = YES_ERROR;
				GCC_WARN_UNDECLARED_SELECTOR = YES;
				GCC_WARN_UNINITIALIZED_AUTOS = YES_AGGRESSIVE;
				GCC_WARN_UNUSED_FUNCTION = YES;
				GCC_WARN_UNUSED_VARIABLE = YES;
				IPHONEOS_DEPLOYMENT_TARGET = 11.2;
				MTL_ENABLE_DEBUG_INFO = YES;
				ONLY_ACTIVE_ARCH = YES;
				SDKROOT = iphoneos;
			};
			name = Debug;
		};
		62F5BA52205021EC009574BA /* Release */ = {
			isa = XCBuildConfiguration;
			buildSettings = {
				ALWAYS_SEARCH_USER_PATHS = NO;
				CLANG_ANALYZER_NONNULL = YES;
				CLANG_ANALYZER_NUMBER_OBJECT_CONVERSION = YES_AGGRESSIVE;
				CLANG_CXX_LANGUAGE_STANDARD = "gnu++14";
				CLANG_CXX_LIBRARY = "libc++";
				CLANG_ENABLE_MODULES = YES;
				CLANG_ENABLE_OBJC_ARC = YES;
				CLANG_WARN_BLOCK_CAPTURE_AUTORELEASING = YES;
				CLANG_WARN_BOOL_CONVERSION = YES;
				CLANG_WARN_COMMA = YES;
				CLANG_WARN_CONSTANT_CONVERSION = YES;
				CLANG_WARN_DIRECT_OBJC_ISA_USAGE = YES_ERROR;
				CLANG_WARN_DOCUMENTATION_COMMENTS = YES;
				CLANG_WARN_EMPTY_BODY = YES;
				CLANG_WARN_ENUM_CONVERSION = YES;
				CLANG_WARN_INFINITE_RECURSION = YES;
				CLANG_WARN_INT_CONVERSION = YES;
				CLANG_WARN_NON_LITERAL_NULL_CONVERSION = YES;
				CLANG_WARN_OBJC_LITERAL_CONVERSION = YES;
				CLANG_WARN_OBJC_ROOT_CLASS = YES_ERROR;
				CLANG_WARN_RANGE_LOOP_ANALYSIS = YES;
				CLANG_WARN_STRICT_PROTOTYPES = YES;
				CLANG_WARN_SUSPICIOUS_MOVE = YES;
				CLANG_WARN_UNGUARDED_AVAILABILITY = YES_AGGRESSIVE;
				CLANG_WARN_UNREACHABLE_CODE = YES;
				CLANG_WARN__DUPLICATE_METHOD_MATCH = YES;
				CODE_SIGN_IDENTITY = "iPhone Developer";
				COPY_PHASE_STRIP = NO;
				DEBUG_INFORMATION_FORMAT = "dwarf-with-dsym";
				ENABLE_NS_ASSERTIONS = NO;
				ENABLE_STRICT_OBJC_MSGSEND = YES;
				GCC_C_LANGUAGE_STANDARD = gnu11;
				GCC_NO_COMMON_BLOCKS = YES;
				GCC_WARN_64_TO_32_BIT_CONVERSION = YES;
				GCC_WARN_ABOUT_RETURN_TYPE = YES_ERROR;
				GCC_WARN_UNDECLARED_SELECTOR = YES;
				GCC_WARN_UNINITIALIZED_AUTOS = YES_AGGRESSIVE;
				GCC_WARN_UNUSED_FUNCTION = YES;
				GCC_WARN_UNUSED_VARIABLE = YES;
				IPHONEOS_DEPLOYMENT_TARGET = 11.2;
				MTL_ENABLE_DEBUG_INFO = NO;
				SDKROOT = iphoneos;
				VALIDATE_PRODUCT = YES;
			};
			name = Release;
		};
		62F5BA54205021EC009574BA /* Debug */ = {
			isa = XCBuildConfiguration;
			buildSettings = {
				ASSETCATALOG_COMPILER_APPICON_NAME = AppIcon;
				CODE_SIGN_STYLE = Automatic;
				DEVELOPMENT_TEAM = FU4P7BJCKZ;
				INFOPLIST_FILE = Alias/Info.plist;
				LD_RUNPATH_SEARCH_PATHS = "$(inherited) @executable_path/Frameworks";
				PRODUCT_BUNDLE_IDENTIFIER = com.DavitYeghoyan.Alias;
				PRODUCT_NAME = "$(TARGET_NAME)";
				TARGETED_DEVICE_FAMILY = "1,2";
			};
			name = Debug;
		};
		62F5BA55205021EC009574BA /* Release */ = {
			isa = XCBuildConfiguration;
			buildSettings = {
				ASSETCATALOG_COMPILER_APPICON_NAME = AppIcon;
				CODE_SIGN_STYLE = Automatic;
				DEVELOPMENT_TEAM = FU4P7BJCKZ;
				INFOPLIST_FILE = Alias/Info.plist;
				LD_RUNPATH_SEARCH_PATHS = "$(inherited) @executable_path/Frameworks";
				PRODUCT_BUNDLE_IDENTIFIER = com.DavitYeghoyan.Alias;
				PRODUCT_NAME = "$(TARGET_NAME)";
				TARGETED_DEVICE_FAMILY = "1,2";
			};
			name = Release;
		};
/* End XCBuildConfiguration section */

/* Begin XCConfigurationList section */
		62F5BA38205021EC009574BA /* Build configuration list for PBXProject "Alias" */ = {
			isa = XCConfigurationList;
			buildConfigurations = (
				62F5BA51205021EC009574BA /* Debug */,
				62F5BA52205021EC009574BA /* Release */,
			);
			defaultConfigurationIsVisible = 0;
			defaultConfigurationName = Release;
		};
		62F5BA53205021EC009574BA /* Build configuration list for PBXNativeTarget "Alias" */ = {
			isa = XCConfigurationList;
			buildConfigurations = (
				62F5BA54205021EC009574BA /* Debug */,
				62F5BA55205021EC009574BA /* Release */,
			);
			defaultConfigurationIsVisible = 0;
			defaultConfigurationName = Release;
		};
/* End XCConfigurationList section */
	};
	rootObject = 62F5BA35205021EC009574BA /* Project object */;
}
